# This file is autogenerated, do not edit; changes may be undone by the next 'dep ensure'.


[[projects]]
  branch = "master"
  name = "github.com/alangpierce/go-forceexport"
  packages = ["."]
  revision = "8f1d6941cd755b975763ddb1f836561edddac2b8"

[[projects]]
  name = "github.com/aspcartman/darkside"
  packages = [".","g"]
  revision = "c274dda6179456a83c147cd7c2edeaeec7255f29"
  version = "v1.9"

[[projects]]
  name = "github.com/aspcartman/exceptions"
  packages = ["."]
  revision = "6c73030c0e0a56f0d53014f51903cb62db965c92"
  version = "v1.0.2"

[[projects]]
  branch = "master"
  name = "github.com/bouk/monkey"
  packages = ["."]
  revision = "b96e337f6e5b36906584cd0cf9803bbab09284f7"

[[projects]]
  name = "github.com/certifi/gocertifi"
  packages = ["."]
  revision = "deb3ae2ef2610fde3330947281941c562861188b"
  version = "2018.01.18"

[[projects]]
  branch = "master"
  name = "github.com/getsentry/raven-go"
  packages = ["."]
  revision = "563b81fc02b75d664e54da31f787c2cc2186780b"

[[projects]]
  name = "github.com/jackc/pgx"
  packages = [".","chunkreader","internal/sanitize","log/logrusadapter","pgio","pgproto3","pgtype"]
  revision = "da3231b0b66e2e74cdb779f1d46c5e958ba8be27"
  version = "v3.1.0"

[[projects]]
  name = "github.com/pkg/errors"
  packages = ["."]
  revision = "645ef00459ed84a119197bfb8d8205042c6df63d"
  version = "v0.8.0"

[[projects]]
  name = "github.com/sirupsen/logrus"
  packages = ["."]
  revision = "d682213848ed68c0a260ca37d6dd5ace8423f5ba"
  version = "v1.0.4"

[[projects]]
  branch = "master"
  name = "golang.org/x/crypto"
  packages = ["ssh/terminal"]
  revision = "1875d0a70c90e57f11972aefd42276df65e895b9"

[[projects]]
  branch = "master"
  name = "golang.org/x/sys"
  packages = ["unix","windows"]
  revision = "3dbebcf8efb6a5011a60c2b4591c1022a759af8a"

[solve-meta]
  analyzer-name = "dep"
  analyzer-version = 1
  inputs-digest = "439d55adffb0a133290328fedc0511ddaf83bec59b5333e3717743f3645e1859"
  solver-name = "gps-cdcl"
  solver-version = 1
